{
  "version": 1,
  "dependencies": {
    "net10.0": {
      "MSTest.TestFramework": {
        "type": "Direct",
        "requested": "[3.10.4, )",
        "resolved": "3.10.4",
        "contentHash": "i6P4/1d2Nc4O5eOcTfvjqc/psgNNuyfMPNNU3cTvQe56bznykTZ1X88eB8JmYa+V3UiTTBKXyDP9yUb8oezLoQ==",
        "dependencies": {
          "MSTest.Analyzers": "3.10.4"
        }
      },
      "Neo.SmartContract.Testing": {
        "type": "Direct",
        "requested": "[3.10.1, )",
        "resolved": "3.10.1",
        "contentHash": "dur8MIiwl8YCDDunlHkKJyCQunBuHltAbd67iNzWamzWnufy9X59Ig4kTshGnxp2DOd44geEsvym/N2dO++spg==",
        "dependencies": {
          "MSTest.TestFramework": "3.9.3",
          "Moq": "4.20.72",
          "Neo": "3.10.1",
          "Neo.Disassembler.CSharp": "3.10.1",
          "ReportGenerator.Core": "5.4.8"
        }
      },
      "Akka": {
        "type": "Transitive",
        "resolved": "1.5.58",
        "contentHash": "psAPpoHY/+G0k3nSJaaLN37ytGICpTSeKuYHUMYEAYSQbtkJUe0Z1EONq94X5bZ4lqWvnRY7b4Sjfx3HsCydoQ==",
        "dependencies": {
          "Akka.Analyzers": "0.3.3",
          "Microsoft.Extensions.ObjectPool": "6.0.36",
          "Newtonsoft.Json": "13.0.1",
          "System.Configuration.ConfigurationManager": "6.0.1"
        }
      },
      "Akka.Analyzers": {
        "type": "Transitive",
        "resolved": "0.3.3",
        "contentHash": "SaS6yojDwqmy8PFCML8hiXlnSOQpO7adzrosTLbDD9paVAJk4WufteGbPhbiXiu2m4JscNhSM5joFeR9IZpF8g=="
      },
      "BouncyCastle.Cryptography": {
        "type": "Transitive",
        "resolved": "2.6.2",
        "contentHash": "7oWOcvnntmMKNzDLsdxAYqApt+AjpRpP2CShjMfIa3umZ42UQMvH0tl1qAliYPNYO6vTdcGMqnRrCPmsfzTI1w=="
      },
      "Castle.Core": {
        "type": "Transitive",
        "resolved": "5.1.1",
        "contentHash": "rpYtIczkzGpf+EkZgDr9CClTdemhsrwA/W5hMoPjLkRFnXzH44zDLoovXeKtmxb1ykXK9aJVODSpiJml8CTw2g==",
        "dependencies": {
          "System.Diagnostics.EventLog": "6.0.0"
        }
      },
      "DotNetConfig": {
        "type": "Transitive",
        "resolved": "1.2.0",
        "contentHash": "eK8k2ZN9/+kfBJmGkY6UvP7za6LL11KmHEPQhqrYDYYpFtLlgguIkD3YLW0l0COIt5ys57y7Vk18gCiwuG0XFA=="
      },
      "K4os.Compression.LZ4": {
        "type": "Transitive",
        "resolved": "1.3.8",
        "contentHash": "LhwlPa7c1zs1OV2XadMtAWdImjLIsqFJPoRcIWAadSRn0Ri1DepK65UbWLPmt4riLqx2d40xjXRk0ogpqNtK7g=="
      },
      "McMaster.NETCore.Plugins": {
        "type": "Transitive",
        "resolved": "1.4.0",
        "contentHash": "UKw5Z2/QHhkR7kiAJmqdCwVDMQV0lwsfj10+FG676r8DsJWIpxtachtEjE0qBs9WoK5GUQIqxgyFeYUSwuPszg==",
        "dependencies": {
          "Microsoft.DotNet.PlatformAbstractions": "3.1.6",
          "Microsoft.Extensions.DependencyModel": "5.0.0"
        }
      },
      "Microsoft.DotNet.PlatformAbstractions": {
        "type": "Transitive",
        "resolved": "3.1.6",
        "contentHash": "jek4XYaQ/PGUwDKKhwR8K47Uh1189PFzMeLqO83mXrXQVIpARZCcfuDedH50YDTepBkfijCZN5U/vZi++erxtg=="
      },
      "Microsoft.Extensions.Configuration": {
        "type": "Transitive",
        "resolved": "10.0.2",
        "contentHash": "Lws+o4DFw6p5NquRoYA3d5QVvi49ugNw7TxbW4QGLsL8F1LCCyJqWFy0+RMQ/hzUuS9aKV5NJ/XGAF5N9/RQcQ==",
        "dependencies": {
          "Microsoft.Extensions.Configuration.Abstractions": "10.0.2",
          "Microsoft.Extensions.Primitives": "10.0.2"
        }
      },
      "Microsoft.Extensions.Configuration.Abstractions": {
        "type": "Transitive",
        "resolved": "10.0.2",
        "contentHash": "KC5PslaTDnTuTvyke0KYAVBYdZ7IVTsU3JhHe69BpEbHLcj1YThP3bIGtZNOkZfast2AuLnul5lk4rZKxAdUGQ==",
        "dependencies": {
          "Microsoft.Extensions.Primitives": "10.0.2"
        }
      },
      "Microsoft.Extensions.Configuration.Binder": {
        "type": "Transitive",
        "resolved": "10.0.2",
        "contentHash": "/SdW50prUuenglSy7MXU3eVQkOk4/J4fjc+GIhv4NkTmaZOQyTqpVAYi8nRjNtOKHzCy7g5cSlOSgkbT7clLwQ==",
        "dependencies": {
          "Microsoft.Extensions.Configuration": "10.0.2",
          "Microsoft.Extensions.Configuration.Abstractions": "10.0.2"
        }
      },
      "Microsoft.Extensions.Configuration.CommandLine": {
        "type": "Transitive",
        "resolved": "9.0.6",
        "contentHash": "DC5I4Y1nK35jY4piDqQCzWjDXzT6ECMctBAxgAJoc6pn0k6uyxcDeOuVDRooFui/N65ptn9xT5mk9eO4mSTj/g==",
        "dependencies": {
          "Microsoft.Extensions.Configuration": "9.0.6",
          "Microsoft.Extensions.Configuration.Abstractions": "9.0.6"
        }
      },
      "Microsoft.Extensions.Configuration.FileExtensions": {
        "type": "Transitive",
        "resolved": "10.0.2",
        "contentHash": "6vStNVa/7hcT6VrYvVMGCWUl/QIKwNeQaSGnKw1E4RPpZbQbOjDsATCbrQUa0sFUs7LW8T9aZ2NBKttMz1+WuA==",
        "dependencies": {
          "Microsoft.Extensions.Configuration": "10.0.2",
          "Microsoft.Extensions.Configuration.Abstractions": "10.0.2",
          "Microsoft.Extensions.FileProviders.Abstractions": "10.0.2",
          "Microsoft.Extensions.FileProviders.Physical": "10.0.2",
          "Microsoft.Extensions.Primitives": "10.0.2"
        }
      },
      "Microsoft.Extensions.Configuration.Json": {
        "type": "Transitive",
        "resolved": "10.0.2",
        "contentHash": "ovjOVr+rNxOT249iezwihlPNMaIJdBC6PMGeMnzhkm5EoKJWFjp3mmvtndfHY6A88X4wulXlidMhmjX8v6V/aw==",
        "dependencies": {
          "Microsoft.Extensions.Configuration": "10.0.2",
          "Microsoft.Extensions.Configuration.Abstractions": "10.0.2",
          "Microsoft.Extensions.Configuration.FileExtensions": "10.0.2",
          "Microsoft.Extensions.FileProviders.Abstractions": "10.0.2"
        }
      },
      "Microsoft.Extensions.DependencyInjection.Abstractions": {
        "type": "Transitive",
        "resolved": "10.0.0",
        "contentHash": "L3AdmZ1WOK4XXT5YFPEwyt0ep6l8lGIPs7F5OOBZc77Zqeo01Of7XXICy47628sdVl0v/owxYJTe86DTgFwKCA=="
      },
      "Microsoft.Extensions.DependencyModel": {
        "type": "Transitive",
        "resolved": "5.0.0",
        "contentHash": "umBECCoMC+sOUgm083yFr8SxTobUOcPFH4AXigdO2xJiszCHAnmeDl4qPphJt+oaJ/XIfV1wOjIts2nRnki61Q=="
      },
      "Microsoft.Extensions.FileProviders.Abstractions": {
        "type": "Transitive",
        "resolved": "10.0.2",
        "contentHash": "+r/eJ+slW/EmwWmH3En4gzRg1k6+yTqexoHBrMuz5fxsIKJA8MDiSGepjw/ko3XyNqg+w3dxQe+huoVXs5XDJw==",
        "dependencies": {
          "Microsoft.Extensions.Primitives": "10.0.2"
        }
      },
      "Microsoft.Extensions.FileProviders.Physical": {
        "type": "Transitive",
        "resolved": "10.0.2",
        "contentHash": "4+ypApaugtHIz5Q2Z3oC4+erDbOgy0HrMFYS3Nm3qmTXyqK7sU7LJWY9gci99Wcx6j7ivgk8kdCkgmvsA4t0Ow==",
        "dependencies": {
          "Microsoft.Extensions.FileProviders.Abstractions": "10.0.2",
          "Microsoft.Extensions.FileSystemGlobbing": "10.0.2",
          "Microsoft.Extensions.Primitives": "10.0.2"
        }
      },
      "Microsoft.Extensions.FileSystemGlobbing": {
        "type": "Transitive",
        "resolved": "10.0.2",
        "contentHash": "XozoMaWcFIv1tv0LDF+YMeZYjiNiNIewpNdZ3TEoVGf8ROrp0hVoEdUyUBsI8oYGM5U3Z5hiNEv0j2Z5COnMgg=="
      },
      "Microsoft.Extensions.Logging.Abstractions": {
        "type": "Transitive",
        "resolved": "10.0.0",
        "contentHash": "FU/IfjDfwaMuKr414SSQNTIti/69bHEMb+QKrskRb26oVqpx3lNFXMjs/RC9ZUuhBhcwDM2BwOgoMw+PZ+beqQ==",
        "dependencies": {
          "Microsoft.Extensions.DependencyInjection.Abstractions": "10.0.0"
        }
      },
      "Microsoft.Extensions.ObjectPool": {
        "type": "Transitive",
        "resolved": "9.0.6",
        "contentHash": "N1lSxMYI6DboY/PqCQwb6Bg74Baip7wWkHeHzuL7+PNsBipDmpBukXwVyVEAHdOdYNtasTdcXDVtbtwenoYU1g=="
      },
      "Microsoft.Extensions.Primitives": {
        "type": "Transitive",
        "resolved": "10.0.2",
        "contentHash": "QmSiO+oLBEooGgB3i0GRXyeYRDHjllqt3k365jwfZlYWhvSHA3UL2NEVV5m8aZa041eIlblo6KMI5txvTMpTwA=="
      },
      "Microsoft.IdentityModel.Abstractions": {
        "type": "Transitive",
        "resolved": "8.15.0",
        "contentHash": "e/DApa1GfxUqHSBHcpiQg8yaghKAvFVBQFcWh25jNoRobDZbduTUACY8bZ54eeGWXvimGmEDdF0zkS5Dq16XPQ=="
      },
      "Microsoft.IdentityModel.Logging": {
        "type": "Transitive",
        "resolved": "8.15.0",
        "contentHash": "1gJLjhy0LV2RQMJ9NGzi5Tnb2l+c37o8D8Lrk2mrvmb6OQHZ7XJstd/XxvncXgBpad4x9CGXdipbZzJJCXKyAg==",
        "dependencies": {
          "Microsoft.IdentityModel.Abstractions": "8.15.0"
        }
      },
      "Microsoft.IdentityModel.Tokens": {
        "type": "Transitive",
        "resolved": "8.15.0",
        "contentHash": "zUE9ysJXBtXlHHRtcRK3Sp8NzdCI1z/BRDTXJQ2TvBoI0ENRtnufYIep0O5TSCJRJGDwwuLTUx+l/bEYZUxpCA==",
        "dependencies": {
          "Microsoft.Extensions.Logging.Abstractions": "10.0.0",
          "Microsoft.IdentityModel.Logging": "8.15.0"
        }
      },
      "Microsoft.Win32.SystemEvents": {
        "type": "Transitive",
        "resolved": "6.0.0",
        "contentHash": "hqTM5628jSsQiv+HGpiq3WKBl2c8v1KZfby2J6Pr7pEPlK9waPdgEO6b8A/+/xn/yZ9ulv8HuqK71ONy2tg67A=="
      },
      "Moq": {
        "type": "Transitive",
        "resolved": "4.20.72",
        "contentHash": "EA55cjyNn8eTNWrgrdZJH5QLFp2L43oxl1tlkoYUKIE9pRwL784OWiTXeCV5ApS+AMYEAlt7Fo03A2XfouvHmQ==",
        "dependencies": {
          "Castle.Core": "5.1.1"
        }
      },
      "MSTest.Analyzers": {
        "type": "Transitive",
        "resolved": "3.10.4",
        "contentHash": "a3IHTsbd+iS0pZUI7KC6nCCQgTOhjPyqDwPOtKLGCwjRifQ9N4K40qTqCaQlPOxwKaIxVwDLRYFvdY9NTDVi0w=="
      },
      "Neo": {
        "type": "Transitive",
        "resolved": "3.10.1",
        "contentHash": "VflOS6baS9wmWnT7RFUUIYBCYrYy7Fp3p6Brv2fvNx3aZBIaXZwiwf3yuCjKbHoVt05/KCjNwoky6uh8ynppmw==",
        "dependencies": {
          "Akka": "1.5.58",
          "BouncyCastle.Cryptography": "2.6.2",
          "K4os.Compression.LZ4": "1.3.8",
          "Microsoft.Extensions.Configuration.Binder": "10.0.2",
          "Microsoft.Extensions.Configuration.Json": "10.0.2",
          "Microsoft.IdentityModel.Tokens": "8.15.0",
          "Neo.Cryptography.BLS12_381": "3.9.0",
          "Neo.Extensions": "3.10.1",
          "Neo.IO": "3.10.1",
          "Neo.Json": "3.10.1",
          "Neo.VM": "3.10.1"
        }
      },
      "Neo.Cryptography.BLS12_381": {
        "type": "Transitive",
        "resolved": "3.9.0",
        "contentHash": "/SE5BJndqRcbk4ri4p6dvttgg3uuQ8Wi5viGxx+Qhs4oRETXG7OM9M5hPQweGcwpErEqK8Qc1Nbx/K37qPxIpw=="
      },
      "Neo.Disassembler.CSharp": {
        "type": "Transitive",
        "resolved": "3.10.1",
        "contentHash": "6BNxK5/wH1+9hz/k9Ir3iXbacGbcCCTMlQD1znpos4X3z7a+x1SGGHJoBjzxFcr2IbESq95/9nAPUy2hhIikaA==",
        "dependencies": {
          "Neo": "3.10.1",
          "Neo.Extensions": "3.10.1",
          "Neo.IO": "3.10.1",
          "Neo.Json": "3.10.1"
        }
      },
      "Neo.Extensions": {
        "type": "Transitive",
        "resolved": "3.10.1",
        "contentHash": "qaNbDgONQmRxFlE9frHBqjGL+HSQ/GQ8GA/KvZcUEAJ3Oc0tykxjaXH09Z+a+3Zxi+NiEuCjVEKdF+HRv5lqFw==",
        "dependencies": {
          "Akka": "1.5.58",
          "Serilog": "4.3.0",
          "Serilog.Sinks.Console": "6.1.1",
          "Serilog.Sinks.File": "7.0.0",
          "System.IO.Hashing": "10.0.2"
        }
      },
      "Neo.IO": {
        "type": "Transitive",
        "resolved": "3.10.1",
        "contentHash": "j8ih1uz2Q8rmssfWFNaA86lk97CO/XD2CmlMH9mTCc50aorOy61ezQZnRs6+XhlBaJdjku/LHAwlBGmiTQSB8w==",
        "dependencies": {
          "Neo.Extensions": "3.10.1"
        }
      },
      "Neo.Json": {
        "type": "Transitive",
        "resolved": "3.10.1",
        "contentHash": "aM+YR47pM3PoGsinQBuV4WO61SO9KnvMO197z/7gHmQVUpXYOpz8iYnywjIeiT0DaHF9kQ2UP2D6HnAX4FrNfw=="
      },
      "Neo.VM": {
        "type": "Transitive",
        "resolved": "3.10.1",
        "contentHash": "i6WO4aAA8tZWcbNLDg3PDCuznDzEuARlOPkI3xZ1a69nE1JeDg5DwuWYGdbHpMcXFH6LWrJ/OUK2KGug+2uq0g==",
        "dependencies": {
          "System.IO.Hashing": "10.0.2"
        }
      },
      "Newtonsoft.Json": {
        "type": "Transitive",
        "resolved": "13.0.1",
        "contentHash": "ppPFpBcvxdsfUonNcvITKqLl3bqxWbDCZIzDWHzjpdAHRFfZe0Dw9HmA0+za13IdyrgJwpkDTDA9fHaxOrt20A=="
      },
      "ReportGenerator.Core": {
        "type": "Transitive",
        "resolved": "5.4.8",
        "contentHash": "ONmX6/HvcVcHq1LaYWVfbDkr5ZgSsvonbJgAX5Ip0qpdlRym5V2TVlMC5fwnwFRc7dBdYwXjuC3p8IJxcMOyMA==",
        "dependencies": {
          "DotNetConfig": "1.2.0",
          "McMaster.NETCore.Plugins": "1.4.0",
          "Microsoft.Extensions.Configuration": "9.0.6",
          "Microsoft.Extensions.Configuration.Binder": "9.0.6",
          "Microsoft.Extensions.Configuration.CommandLine": "9.0.6",
          "Microsoft.Extensions.Configuration.Json": "9.0.6",
          "Microsoft.Extensions.ObjectPool": "9.0.6"
        }
      },
      "Serilog": {
        "type": "Transitive",
        "resolved": "4.3.0",
        "contentHash": "+cDryFR0GRhsGOnZSKwaDzRRl4MupvJ42FhCE4zhQRVanX0Jpg6WuCBk59OVhVDPmab1bB+nRykAnykYELA9qQ=="
      },
      "Serilog.Sinks.Console": {
        "type": "Transitive",
        "resolved": "6.1.1",
        "contentHash": "8jbqgjUyZlfCuSTaJk6lOca465OndqOz3KZP6Cryt/IqZYybyBu7GP0fE/AXBzrrQB3EBmQntBFAvMVz1COvAA==",
        "dependencies": {
          "Serilog": "4.0.0"
        }
      },
      "Serilog.Sinks.File": {
        "type": "Transitive",
        "resolved": "7.0.0",
        "contentHash": "fKL7mXv7qaiNBUC71ssvn/dU0k9t0o45+qm2XgKAlSt19xF+ijjxyA3R6HmCgfKEKwfcfkwWjayuQtRueZFkYw==",
        "dependencies": {
          "Serilog": "4.2.0"
        }
      },
      "System.Configuration.ConfigurationManager": {
        "type": "Transitive",
        "resolved": "6.0.1",
        "contentHash": "jXw9MlUu/kRfEU0WyTptAVueupqIeE3/rl0EZDMlf8pcvJnitQ8HeVEp69rZdaStXwTV72boi/Bhw8lOeO+U2w==",
        "dependencies": {
          "System.Security.Cryptography.ProtectedData": "6.0.0",
          "System.Security.Permissions": "6.0.0"
        }
      },
      "System.Diagnostics.EventLog": {
        "type": "Transitive",
        "resolved": "6.0.0",
        "contentHash": "lcyUiXTsETK2ALsZrX+nWuHSIQeazhqPphLfaRxzdGaG93+0kELqpgEHtwWOlQe7+jSFnKwaCAgL4kjeZCQJnw=="
      },
      "System.Drawing.Common": {
        "type": "Transitive",
        "resolved": "6.0.0",
        "contentHash": "NfuoKUiP2nUWwKZN6twGqXioIe1zVD0RIj2t976A+czLHr2nY454RwwXs6JU9Htc6mwqL6Dn/nEL3dpVf2jOhg==",
        "dependencies": {
          "Microsoft.Win32.SystemEvents": "6.0.0"
        }
      },
      "System.IO.Hashing": {
        "type": "Transitive",
        "resolved": "10.0.2",
        "contentHash": "AKJknIFi9O3+rGExxTry188JPvUoZAPcCtS2qdqyFhIzsxQ1Ap94BeGDG0VzVEHakhmRxmJtVih6TsHoghIt/g=="
      },
      "System.Security.Cryptography.ProtectedData": {
        "type": "Transitive",
        "resolved": "6.0.0",
        "contentHash": "rp1gMNEZpvx9vP0JW0oHLxlf8oSiQgtno77Y4PLUBjSiDYoD77Y8uXHr1Ea5XG4/pIKhqAdxZ8v8OTUtqo9PeQ=="
      },
      "System.Security.Permissions": {
        "type": "Transitive",
        "resolved": "6.0.0",
        "contentHash": "T/uuc7AklkDoxmcJ7LGkyX1CcSviZuLCa4jg3PekfJ7SU0niF0IVTXwUiNVP9DSpzou2PpxJ+eNY2IfDM90ZCg==",
        "dependencies": {
          "System.Windows.Extensions": "6.0.0"
        }
      },
      "System.Windows.Extensions": {
        "type": "Transitive",
        "resolved": "6.0.0",
        "contentHash": "IXoJOXIqc39AIe+CIR7koBtRGMiCt/LPM3lI+PELtDIy9XdyeSrwXFdWV9dzJ2Awl0paLWUaknLxFQ5HpHZUog==",
        "dependencies": {
          "System.Drawing.Common": "6.0.0"
        }
      }
    }
  }
}